// !$*UTF8*$!
{
	archiveVersion = 1;
	classes = {
	};
	objectVersion = 56;
	objects = {

/* Begin PBXBuildFile section */
		9E21F0072BD03A6F00458F4F /* HikeApp.swift in Sources */ = {isa = PBXBuildFile; fileRef = 9E21F0062BD03A6F00458F4F /* HikeApp.swift */; };
		9E21F0092BD03A6F00458F4F /* ContentView.swift in Sources */ = {isa = PBXBuildFile; fileRef = 9E21F0082BD03A6F00458F4F /* ContentView.swift */; };
		9E21F00B2BD03A7100458F4F /* Assets.xcassets in Resources */ = {isa = PBXBuildFile; fileRef = 9E21F00A2BD03A7100458F4F /* Assets.xcassets */; };
		9E21F00E2BD03A7100458F4F /* Preview Assets.xcassets in Resources */ = {isa = PBXBuildFile; fileRef = 9E21F00D2BD03A7100458F4F /* Preview Assets.xcassets */; };
		9E21F0152BD03F8C00458F4F /* CardView.swift in Sources */ = {isa = PBXBuildFile; fileRef = 9E21F0142BD03F8C00458F4F /* CardView.swift */; };
		9E8CDE7A2BD0E0FC00A7477B /* CustomBackgroundView.swift in Sources */ = {isa = PBXBuildFile; fileRef = 9E8CDE792BD0E0FC00A7477B /* CustomBackgroundView.swift */; };
		9E8CDE7D2BD0E34900A7477B /* ColorExtension.swift in Sources */ = {isa = PBXBuildFile; fileRef = 9E8CDE7C2BD0E34900A7477B /* ColorExtension.swift */; };
		9E8CDE7F2BD0E90400A7477B /* CustomButtomView.swift in Sources */ = {isa = PBXBuildFile; fileRef = 9E8CDE7E2BD0E90400A7477B /* CustomButtomView.swift */; };
		9E8CDE812BD0EFF800A7477B /* GradientButtonStyle.swift in Sources */ = {isa = PBXBuildFile; fileRef = 9E8CDE802BD0EFF800A7477B /* GradientButtonStyle.swift */; };
		9EF2586E2BD12DC500C7C6D6 /* CustomCircleView.swift in Sources */ = {isa = PBXBuildFile; fileRef = 9EF2586D2BD12DC500C7C6D6 /* CustomCircleView.swift */; };
		9EF258702BD1302E00C7C6D6 /* MotionAnimationView.swift in Sources */ = {isa = PBXBuildFile; fileRef = 9EF2586F2BD1302E00C7C6D6 /* MotionAnimationView.swift */; };
		9EF258732BD1386F00C7C6D6 /* SettingsView.swift in Sources */ = {isa = PBXBuildFile; fileRef = 9EF258722BD1386F00C7C6D6 /* SettingsView.swift */; };
		9EF258752BD1411D00C7C6D6 /* CustomListRowView.swift in Sources */ = {isa = PBXBuildFile; fileRef = 9EF258742BD1411D00C7C6D6 /* CustomListRowView.swift */; };
/* End PBXBuildFile section */

/* Begin PBXFileReference section */
		9E21F0032BD03A6F00458F4F /* Hike.app */ = {isa = PBXFileReference; explicitFileType = wrapper.application; includeInIndex = 0; path = Hike.app; sourceTree = BUILT_PRODUCTS_DIR; };
		9E21F0062BD03A6F00458F4F /* HikeApp.swift */ = {isa = PBXFileReference; lastKnownFileType = sourcecode.swift; path = HikeApp.swift; sourceTree = "<group>"; };
		9E21F0082BD03A6F00458F4F /* ContentView.swift */ = {isa = PBXFileReference; lastKnownFileType = sourcecode.swift; path = ContentView.swift; sourceTree = "<group>"; };
		9E21F00A2BD03A7100458F4F /* Assets.xcassets */ = {isa = PBXFileReference; lastKnownFileType = folder.assetcatalog; path = Assets.xcassets; sourceTree = "<group>"; };
		9E21F00D2BD03A7100458F4F /* Preview Assets.xcassets */ = {isa = PBXFileReference; lastKnownFileType = folder.assetcatalog; path = "Preview Assets.xcassets"; sourceTree = "<group>"; };
		9E21F0142BD03F8C00458F4F /* CardView.swift */ = {isa = PBXFileReference; lastKnownFileType = sourcecode.swift; path = CardView.swift; sourceTree = "<group>"; };
		9E8CDE792BD0E0FC00A7477B /* CustomBackgroundView.swift */ = {isa = PBXFileReference; lastKnownFileType = sourcecode.swift; path = CustomBackgroundView.swift; sourceTree = "<group>"; };
		9E8CDE7C2BD0E34900A7477B /* ColorExtension.swift */ = {isa = PBXFileReference; lastKnownFileType = sourcecode.swift; path = ColorExtension.swift; sourceTree = "<group>"; };
		9E8CDE7E2BD0E90400A7477B /* CustomButtomView.swift */ = {isa = PBXFileReference; lastKnownFileType = sourcecode.swift; path = CustomButtomView.swift; sourceTree = "<group>"; };
		9E8CDE802BD0EFF800A7477B /* GradientButtonStyle.swift */ = {isa = PBXFileReference; lastKnownFileType = sourcecode.swift; path = GradientButtonStyle.swift; sourceTree = "<group>"; };
		9EF2586D2BD12DC500C7C6D6 /* CustomCircleView.swift */ = {isa = PBXFileReference; lastKnownFileType = sourcecode.swift; path = CustomCircleView.swift; sourceTree = "<group>"; };
		9EF2586F2BD1302E00C7C6D6 /* MotionAnimationView.swift */ = {isa = PBXFileReference; lastKnownFileType = sourcecode.swift; path = MotionAnimationView.swift; sourceTree = "<group>"; };
		9EF258722BD1386F00C7C6D6 /* SettingsView.swift */ = {isa = PBXFileReference; lastKnownFileType = sourcecode.swift; path = SettingsView.swift; sourceTree = "<group>"; };
		9EF258742BD1411D00C7C6D6 /* CustomListRowView.swift */ = {isa = PBXFileReference; lastKnownFileType = sourcecode.swift; path = CustomListRowView.swift; sourceTree = "<group>"; };
/* End PBXFileReference section */

/* Begin PBXFrameworksBuildPhase section */
		9E21F0002BD03A6F00458F4F /* Frameworks */ = {
			isa = PBXFrameworksBuildPhase;
			buildActionMask = 2147483647;
			files = (
			);
			runOnlyForDeploymentPostprocessing = 0;
		};
/* End PBXFrameworksBuildPhase section */

/* Begin PBXGroup section */
		9E21EFFA2BD03A6F00458F4F = {
			isa = PBXGroup;
			children = (
				9E21F0052BD03A6F00458F4F /* Hike */,
				9E21F0042BD03A6F00458F4F /* Products */,
			);
			sourceTree = "<group>";
		};
		9E21F0042BD03A6F00458F4F /* Products */ = {
			isa = PBXGroup;
			children = (
				9E21F0032BD03A6F00458F4F /* Hike.app */,
			);
			name = Products;
			sourceTree = "<group>";
		};
		9E21F0052BD03A6F00458F4F /* Hike */ = {
			isa = PBXGroup;
			children = (
				9E8CDE7B2BD0E31B00A7477B /* Utility */,
				9E21F0062BD03A6F00458F4F /* HikeApp.swift */,
				9EF258712BD1383500C7C6D6 /* Screen */,
				9E21F00A2BD03A7100458F4F /* Assets.xcassets */,
				9E21F00C2BD03A7100458F4F /* Preview Content */,
				9E8CDE762BD0E04D00A7477B /* Component */,
			);
			path = Hike;
			sourceTree = "<group>";
		};
		9E21F00C2BD03A7100458F4F /* Preview Content */ = {
			isa = PBXGroup;
			children = (
				9E21F00D2BD03A7100458F4F /* Preview Assets.xcassets */,
			);
			path = "Preview Content";
			sourceTree = "<group>";
		};
		9E8CDE762BD0E04D00A7477B /* Component */ = {
			isa = PBXGroup;
			children = (
				9E21F0142BD03F8C00458F4F /* CardView.swift */,
				9E8CDE792BD0E0FC00A7477B /* CustomBackgroundView.swift */,
				9E8CDE7E2BD0E90400A7477B /* CustomButtomView.swift */,
				9EF2586D2BD12DC500C7C6D6 /* CustomCircleView.swift */,
				9EF2586F2BD1302E00C7C6D6 /* MotionAnimationView.swift */,
				9EF258742BD1411D00C7C6D6 /* CustomListRowView.swift */,
			);
			path = Component;
			sourceTree = "<group>";
		};
		9E8CDE7B2BD0E31B00A7477B /* Utility */ = {
			isa = PBXGroup;
			children = (
				9E8CDE7C2BD0E34900A7477B /* ColorExtension.swift */,
				9E8CDE802BD0EFF800A7477B /* GradientButtonStyle.swift */,
			);
			path = Utility;
			sourceTree = "<group>";
		};
		9EF258712BD1383500C7C6D6 /* Screen */ = {
			isa = PBXGroup;
			children = (
				9E21F0082BD03A6F00458F4F /* ContentView.swift */,
				9EF258722BD1386F00C7C6D6 /* SettingsView.swift */,
			);
			path = Screen;
			sourceTree = "<group>";
		};
/* End PBXGroup section */

/* Begin PBXNativeTarget section */
		9E21F0022BD03A6F00458F4F /* Hike */ = {
			isa = PBXNativeTarget;
			buildConfigurationList = 9E21F0112BD03A7100458F4F /* Build configuration list for PBXNativeTarget "Hike" */;
			buildPhases = (
				9E21EFFF2BD03A6F00458F4F /* Sources */,
				9E21F0002BD03A6F00458F4F /* Frameworks */,
				9E21F0012BD03A6F00458F4F /* Resources */,
			);
			buildRules = (
			);
			dependencies = (
			);
			name = Hike;
			productName = Hike;
			productReference = 9E21F0032BD03A6F00458F4F /* Hike.app */;
			productType = "com.apple.product-type.application";
		};
/* End PBXNativeTarget section */

/* Begin PBXProject section */
		9E21EFFB2BD03A6F00458F4F /* Project object */ = {
			isa = PBXProject;
			attributes = {
				BuildIndependentTargetsInParallel = 1;
				LastSwiftUpdateCheck = 1530;
				LastUpgradeCheck = 1530;
				TargetAttributes = {
					9E21F0022BD03A6F00458F4F = {
						CreatedOnToolsVersion = 15.3;
					};
				};
			};
			buildConfigurationList = 9E21EFFE2BD03A6F00458F4F /* Build configuration list for PBXProject "Hike" */;
			compatibilityVersion = "Xcode 14.0";
			developmentRegion = en;
			hasScannedForEncodings = 0;
			knownRegions = (
				en,
				Base,
			);
			mainGroup = 9E21EFFA2BD03A6F00458F4F;
			productRefGroup = 9E21F0042BD03A6F00458F4F /* Products */;
			projectDirPath = "";
			projectRoot = "";
			targets = (
				9E21F0022BD03A6F00458F4F /* Hike */,
			);
		};
/* End PBXProject section */

/* Begin PBXResourcesBuildPhase section */
		9E21F0012BD03A6F00458F4F /* Resources */ = {
			isa = PBXResourcesBuildPhase;
			buildActionMask = 2147483647;
			files = (
				9E21F00E2BD03A7100458F4F /* Preview Assets.xcassets in Resources */,
				9E21F00B2BD03A7100458F4F /* Assets.xcassets in Resources */,
			);
			runOnlyForDeploymentPostprocessing = 0;
		};
/* End PBXResourcesBuildPhase section */

/* Begin PBXSourcesBuildPhase section */
		9E21EFFF2BD03A6F00458F4F /* Sources */ = {
			isa = PBXSourcesBuildPhase;
			buildActionMask = 2147483647;
			files = (
				9E21F0092BD03A6F00458F4F /* ContentView.swift in Sources */,
				9EF2586E2BD12DC500C7C6D6 /* CustomCircleView.swift in Sources */,
				9EF258752BD1411D00C7C6D6 /* CustomListRowView.swift in Sources */,
				9E21F0152BD03F8C00458F4F /* CardView.swift in Sources */,
				9E8CDE7F2BD0E90400A7477B /* CustomButtomView.swift in Sources */,
				9E21F0072BD03A6F00458F4F /* HikeApp.swift in Sources */,
				9EF258732BD1386F00C7C6D6 /* SettingsView.swift in Sources */,
				9E8CDE812BD0EFF800A7477B /* GradientButtonStyle.swift in Sources */,
				9EF258702BD1302E00C7C6D6 /* MotionAnimationView.swift in Sources */,
				9E8CDE7A2BD0E0FC00A7477B /* CustomBackgroundView.swift in Sources */,
				9E8CDE7D2BD0E34900A7477B /* ColorExtension.swift in Sources */,
			);
			runOnlyForDeploymentPostprocessing = 0;
		};
/* End PBXSourcesBuildPhase section */

/* Begin XCBuildConfiguration section */
		9E21F00F2BD03A7100458F4F /* Debug */ = {
			isa = XCBuildConfiguration;
			buildSettings = {
				ALWAYS_SEARCH_USER_PATHS = NO;
				ASSETCATALOG_COMPILER_GENERATE_SWIFT_ASSET_SYMBOL_EXTENSIONS = YES;
				CLANG_ANALYZER_NONNULL = YES;
				CLANG_ANALYZER_NUMBER_OBJECT_CONVERSION = YES_AGGRESSIVE;
				CLANG_CXX_LANGUAGE_STANDARD = "gnu++20";
				CLANG_ENABLE_MODULES = YES;
				CLANG_ENABLE_OBJC_ARC = YES;
				CLANG_ENABLE_OBJC_WEAK = YES;
				CLANG_WARN_BLOCK_CAPTURE_AUTORELEASING = YES;
				CLANG_WARN_BOOL_CONVERSION = YES;
				CLANG_WARN_COMMA = YES;
				CLANG_WARN_CONSTANT_CONVERSION = YES;
				CLANG_WARN_DEPRECATED_OBJC_IMPLEMENTATIONS = YES;
				CLANG_WARN_DIRECT_OBJC_ISA_USAGE = YES_ERROR;
				CLANG_WARN_DOCUMENTATION_COMMENTS = YES;
				CLANG_WARN_EMPTY_BODY = YES;
				CLANG_WARN_ENUM_CONVERSION = YES;
				CLANG_WARN_INFINITE_RECURSION = YES;
				CLANG_WARN_INT_CONVERSION = YES;
				CLANG_WARN_NON_LITERAL_NULL_CONVERSION = YES;
				CLANG_WARN_OBJC_IMPLICIT_RETAIN_SELF = YES;
				CLANG_WARN_OBJC_LITERAL_CONVERSION = YES;
				CLANG_WARN_OBJC_ROOT_CLASS = YES_ERROR;
				CLANG_WARN_QUOTED_INCLUDE_IN_FRAMEWORK_HEADER = YES;
				CLANG_WARN_RANGE_LOOP_ANALYSIS = YES;
				CLANG_WARN_STRICT_PROTOTYPES = YES;
				CLANG_WARN_SUSPICIOUS_MOVE = YES;
				CLANG_WARN_UNGUARDED_AVAILABILITY = YES_AGGRESSIVE;
				CLANG_WARN_UNREACHABLE_CODE = YES;
				CLANG_WARN__DUPLICATE_METHOD_MATCH = YES;
				COPY_PHASE_STRIP = NO;
				DEBUG_INFORMATION_FORMAT = dwarf;
				ENABLE_STRICT_OBJC_MSGSEND = YES;
				ENABLE_TESTABILITY = YES;
				ENABLE_USER_SCRIPT_SANDBOXING = YES;
				GCC_C_LANGUAGE_STANDARD = gnu17;
				GCC_DYNAMIC_NO_PIC = NO;
				GCC_NO_COMMON_BLOCKS = YES;
				GCC_OPTIMIZATION_LEVEL = 0;
				GCC_PREPROCESSOR_DEFINITIONS = (
					"DEBUG=1",
					"$(inherited)",
				);
				GCC_WARN_64_TO_32_BIT_CONVERSION = YES;
				GCC_WARN_ABOUT_RETURN_TYPE = YES_ERROR;
				GCC_WARN_UNDECLARED_SELECTOR = YES;
				GCC_WARN_UNINITIALIZED_AUTOS = YES_AGGRESSIVE;
				GCC_WARN_UNUSED_FUNCTION = YES;
				GCC_WARN_UNUSED_VARIABLE = YES;
				IPHONEOS_DEPLOYMENT_TARGET = 17.4;
				LOCALIZATION_PREFERS_STRING_CATALOGS = YES;
				MTL_ENABLE_DEBUG_INFO = INCLUDE_SOURCE;
				MTL_FAST_MATH = YES;
				ONLY_ACTIVE_ARCH = YES;
				SDKROOT = iphoneos;
				SWIFT_ACTIVE_COMPILATION_CONDITIONS = "DEBUG $(inherited)";
				SWIFT_OPTIMIZATION_LEVEL = "-Onone";
			};
			name = Debug;
		};
		9E21F0102BD03A7100458F4F /* Release */ = {
			isa = XCBuildConfiguration;
			buildSettings = {
				ALWAYS_SEARCH_USER_PATHS = NO;
				ASSETCATALOG_COMPILER_GENERATE_SWIFT_ASSET_SYMBOL_EXTENSIONS = YES;
				CLANG_ANALYZER_NONNULL = YES;
				CLANG_ANALYZER_NUMBER_OBJECT_CONVERSION = YES_AGGRESSIVE;
				CLANG_CXX_LANGUAGE_STANDARD = "gnu++20";
				CLANG_ENABLE_MODULES = YES;
				CLANG_ENABLE_OBJC_ARC = YES;
				CLANG_ENABLE_OBJC_WEAK = YES;
				CLANG_WARN_BLOCK_CAPTURE_AUTORELEASING = YES;
				CLANG_WARN_BOOL_CONVERSION = YES;
				CLANG_WARN_COMMA = YES;
				CLANG_WARN_CONSTANT_CONVERSION = YES;
				CLANG_WARN_DEPRECATED_OBJC_IMPLEMENTATIONS = YES;
				CLANG_WARN_DIRECT_OBJC_ISA_USAGE = YES_ERROR;
				CLANG_WARN_DOCUMENTATION_COMMENTS = YES;
				CLANG_WARN_EMPTY_BODY = YES;
				CLANG_WARN_ENUM_CONVERSION = YES;
				CLANG_WARN_INFINITE_RECURSION = YES;
				CLANG_WARN_INT_CONVERSION = YES;
				CLANG_WARN_NON_LITERAL_NULL_CONVERSION = YES;
				CLANG_WARN_OBJC_IMPLICIT_RETAIN_SELF = YES;
				CLANG_WARN_OBJC_LITERAL_CONVERSION = YES;
				CLANG_WARN_OBJC_ROOT_CLASS = YES_ERROR;
				CLANG_WARN_QUOTED_INCLUDE_IN_FRAMEWORK_HEADER = YES;
				CLANG_WARN_RANGE_LOOP_ANALYSIS = YES;
				CLANG_WARN_STRICT_PROTOTYPES = YES;
				CLANG_WARN_SUSPICIOUS_MOVE = YES;
				CLANG_WARN_UNGUARDED_AVAILABILITY = YES_AGGRESSIVE;
				CLANG_WARN_UNREACHABLE_CODE = YES;
				CLANG_WARN__DUPLICATE_METHOD_MATCH = YES;
				COPY_PHASE_STRIP = NO;
				DEBUG_INFORMATION_FORMAT = "dwarf-with-dsym";
				ENABLE_NS_ASSERTIONS = NO;
				ENABLE_STRICT_OBJC_MSGSEND = YES;
				ENABLE_USER_SCRIPT_SANDBOXING = YES;
				GCC_C_LANGUAGE_STANDARD = gnu17;
				GCC_NO_COMMON_BLOCKS = YES;
				GCC_WARN_64_TO_32_BIT_CONVERSION = YES;
				GCC_WARN_ABOUT_RETURN_TYPE = YES_ERROR;
				GCC_WARN_UNDECLARED_SELECTOR = YES;
				GCC_WARN_UNINITIALIZED_AUTOS = YES_AGGRESSIVE;
				GCC_WARN_UNUSED_FUNCTION = YES;
				GCC_WARN_UNUSED_VARIABLE = YES;
				IPHONEOS_DEPLOYMENT_TARGET = 17.4;
				LOCALIZATION_PREFERS_STRING_CATALOGS = YES;
				MTL_ENABLE_DEBUG_INFO = NO;
				MTL_FAST_MATH = YES;
				SDKROOT = iphoneos;
				SWIFT_COMPILATION_MODE = wholemodule;
				VALIDATE_PRODUCT = YES;
			};
			name = Release;
		};
		9E21F0122BD03A7100458F4F /* Debug */ = {
			isa = XCBuildConfiguration;
			buildSettings = {
				ASSETCATALOG_COMPILER_APPICON_NAME = AppIcon;
				ASSETCATALOG_COMPILER_GLOBAL_ACCENT_COLOR_NAME = AccentColor;
				ASSETCATALOG_COMPILER_INCLUDE_ALL_APPICON_ASSETS = YES;
				CODE_SIGN_STYLE = Automatic;
				CURRENT_PROJECT_VERSION = 1;
				DEVELOPMENT_ASSET_PATHS = "\"Hike/Preview Content\"";
				ENABLE_PREVIEWS = YES;
				GENERATE_INFOPLIST_FILE = YES;
				INFOPLIST_KEY_UIApplicationSceneManifest_Generation = YES;
				INFOPLIST_KEY_UIApplicationSupportsIndirectInputEvents = YES;
				INFOPLIST_KEY_UILaunchScreen_Generation = YES;
				INFOPLIST_KEY_UISupportedInterfaceOrientations_iPad = "UIInterfaceOrientationPortrait UIInterfaceOrientationPortraitUpsideDown UIInterfaceOrientationLandscapeLeft UIInterfaceOrientationLandscapeRight";
				INFOPLIST_KEY_UISupportedInterfaceOrientations_iPhone = "UIInterfaceOrientationPortrait UIInterfaceOrientationLandscapeLeft UIInterfaceOrientationLandscapeRight";
				LD_RUNPATH_SEARCH_PATHS = (
					"$(inherited)",
					"@executable_path/Frameworks",
				);
				MARKETING_VERSION = 1.0;
				PRODUCT_BUNDLE_IDENTIFIER = com.current.Hike;
				PRODUCT_NAME = "$(TARGET_NAME)";
				SWIFT_EMIT_LOC_STRINGS = YES;
				SWIFT_VERSION = 5.0;
				TARGETED_DEVICE_FAMILY = "1,2";
			};
			name = Debug;
		};
		9E21F0132BD03A7100458F4F /* Release */ = {
			isa = XCBuildConfiguration;
			buildSettings = {
				ASSETCATALOG_COMPILER_APPICON_NAME = AppIcon;
				ASSETCATALOG_COMPILER_GLOBAL_ACCENT_COLOR_NAME = AccentColor;
				ASSETCATALOG_COMPILER_INCLUDE_ALL_APPICON_ASSETS = YES;
				CODE_SIGN_STYLE = Automatic;
				CURRENT_PROJECT_VERSION = 1;
				DEVELOPMENT_ASSET_PATHS = "\"Hike/Preview Content\"";
				ENABLE_PREVIEWS = YES;
				GENERATE_INFOPLIST_FILE = YES;
				INFOPLIST_KEY_UIApplicationSceneManifest_Generation = YES;
				INFOPLIST_KEY_UIApplicationSupportsIndirectInputEvents = YES;
				INFOPLIST_KEY_UILaunchScreen_Generation = YES;
				INFOPLIST_KEY_UISupportedInterfaceOrientations_iPad = "UIInterfaceOrientationPortrait UIInterfaceOrientationPortraitUpsideDown UIInterfaceOrientationLandscapeLeft UIInterfaceOrientationLandscapeRight";
				INFOPLIST_KEY_UISupportedInterfaceOrientations_iPhone = "UIInterfaceOrientationPortrait UIInterfaceOrientationLandscapeLeft UIInterfaceOrientationLandscapeRight";
				LD_RUNPATH_SEARCH_PATHS = (
					"$(inherited)",
					"@executable_path/Frameworks",
				);
				MARKETING_VERSION = 1.0;
				PRODUCT_BUNDLE_IDENTIFIER = com.current.Hike;
				PRODUCT_NAME = "$(TARGET_NAME)";
				SWIFT_EMIT_LOC_STRINGS = YES;
				SWIFT_VERSION = 5.0;
				TARGETED_DEVICE_FAMILY = "1,2";
			};
			name = Release;
		};
/* End XCBuildConfiguration section */

/* Begin XCConfigurationList section */
		9E21EFFE2BD03A6F00458F4F /* Build configuration list for PBXProject "Hike" */ = {
			isa = XCConfigurationList;
			buildConfigurations = (
				9E21F00F2BD03A7100458F4F /* Debug */,
				9E21F0102BD03A7100458F4F /* Release */,
			);
			defaultConfigurationIsVisible = 0;
			defaultConfigurationName = Release;
		};
		9E21F0112BD03A7100458F4F /* Build configuration list for PBXNativeTarget "Hike" */ = {
			isa = XCConfigurationList;
			buildConfigurations = (
				9E21F0122BD03A7100458F4F /* Debug */,
				9E21F0132BD03A7100458F4F /* Release */,
			);
			defaultConfigurationIsVisible = 0;
			defaultConfigurationName = Release;
		};
/* End XCConfigurationList section */
	};
	rootObject = 9E21EFFB2BD03A6F00458F4F /* Project object */;
}
